
Microsoft Visual Studio Solution File, Format Version 12.00
# Visual Studio Version 17
VisualStudioVersion = 17.3.32825.248
MinimumVisualStudioVersion = 10.0.40219.1
Project("{FAE04EC0-301F-11D3-BF4B-00C04F79EFBC}") = "PPIDSpoof", "PPIDSpoof.csproj", "{1933E110-8CB5-454D-839B-20401695A91F}"
EndProject
Global
	GlobalSection(SolutionConfigurationPlatforms) = preSolution
		Debug|Any CPU = Debug|Any CPU
		Release|Any CPU = Release|Any CPU
	EndGlobalSection
	GlobalSection(ProjectConfigurationPlatforms) = postSolution
		{1933E110-8CB5-454D-839B-20401695A91F}.Debug|Any CPU.ActiveCfg = Debug|Any CPU
		{1933E110-8CB5-454D-839B-20401695A91F}.Debug|Any CPU.Build.0 = Debug|Any CPU
		{1933E110-8CB5-454D-839B-20401695A91F}.Release|Any CPU.ActiveCfg = Release|Any CPU
		{1933E110-8CB5-454D-839B-20401695A91F}.Release|Any CPU.Build.0 = Release|Any CPU
	EndGlobalSection
	GlobalSection(SolutionProperties) = preSolution
		HideSolutionNode = FALSE
	EndGlobalSection
	GlobalSection(ExtensibilityGlobals) = postSolution
		SolutionGuid = {F351AC16-E242-43BC-B71D-4F8045D69F70}
	EndGlobalSection
EndGlobal
